
Microsoft Visual Studio Solution File, Format Version 12.00
# Visual Studio Version 16
VisualStudioVersion = 16.0.29728.190
MinimumVisualStudioVersion = 10.0.40219.1
Project("{6EC3EE1D-3C4E-46DD-8F32-0CC8E7565705}") = "Microsoft.ML.Extensions.ConsoleHelper", "Microsoft.ML.Extensions.ConsoleHelper\Microsoft.ML.Extensions.ConsoleHelper.fsproj", "{F2FD1205-C892-4B23-9149-6D9CAE5E6748}"
EndProject
Global
	GlobalSection(SolutionConfigurationPlatforms) = preSolution
		Debug|Any CPU = Debug|Any CPU
		Release|Any CPU = Release|Any CPU
	EndGlobalSection
	GlobalSection(ProjectConfigurationPlatforms) = postSolution
		{F2FD1205-C892-4B23-9149-6D9CAE5E6748}.Debug|Any CPU.ActiveCfg = Debug|Any CPU
		{F2FD1205-C892-4B23-9149-6D9CAE5E6748}.Debug|Any CPU.Build.0 = Debug|Any CPU
		{F2FD1205-C892-4B23-9149-6D9CAE5E6748}.Release|Any CPU.ActiveCfg = Release|Any CPU
		{F2FD1205-C892-4B23-9149-6D9CAE5E6748}.Release|Any CPU.Build.0 = Release|Any CPU
	EndGlobalSection
	GlobalSection(SolutionProperties) = preSolution
		HideSolutionNode = FALSE
	EndGlobalSection
	GlobalSection(ExtensibilityGlobals) = postSolution
		SolutionGuid = {A6132C3E-64D1-46BF-BF30-47B9A63B4929}
	EndGlobalSection
EndGlobal
